
Microsoft Visual Studio Solution File, Format Version 12.00
# Visual Studio 15
Project("{FAE04EC0-301F-11D3-BF4B-00C04F79EFBC}") = "Assembly-CSharp", "Assembly-CSharp.csproj", "{A30A90DC-A10E-AB6C-8F67-54FCE9406A61}"
EndProject
Global
	GlobalSection(SolutionConfigurationPlatforms) = preSolution
		Debug|Any CPU = Debug|Any CPU
		Release|Any CPU = Release|Any CPU
	EndGlobalSection
	GlobalSection(ProjectConfigurationPlatforms) = postSolution
		{A30A90DC-A10E-AB6C-8F67-54FCE9406A61}.Debug|Any CPU.ActiveCfg = Debug|Any CPU
		{A30A90DC-A10E-AB6C-8F67-54FCE9406A61}.Debug|Any CPU.Build.0 = Debug|Any CPU
		{A30A90DC-A10E-AB6C-8F67-54FCE9406A61}.Release|Any CPU.ActiveCfg = Release|Any CPU
		{A30A90DC-A10E-AB6C-8F67-54FCE9406A61}.Release|Any CPU.Build.0 = Release|Any CPU
	EndGlobalSection
	GlobalSection(SolutionProperties) = preSolution
		HideSolutionNode = FALSE
	EndGlobalSection
EndGlobal
